// !$*UTF8*$!
{
	archiveVersion = 1;
	classes = {
	};
	objectVersion = 46;
	objects = {

/* Begin PBXBuildFile section */
		DE85BA1B1ED2924C002D59A0 /* JumpSetting.m in Sources */ = {isa = PBXBuildFile; fileRef = DE85BA1A1ED2924C002D59A0 /* JumpSetting.m */; };
		DE85BA1C1ED2924C002D59A0 /* JumpSetting.h in CopyFiles */ = {isa = PBXBuildFile; fileRef = DE85BA191ED2924C002D59A0 /* JumpSetting.h */; };
/* End PBXBuildFile section */

/* Begin PBXCopyFilesBuildPhase section */
		DE85BA141ED2924C002D59A0 /* CopyFiles */ = {
			isa = PBXCopyFilesBuildPhase;
			buildActionMask = 2147483647;
			dstPath = "include/$(PRODUCT_NAME)";
			dstSubfolderSpec = 16;
			files = (
				DE85BA1C1ED2924C002D59A0 /* JumpSetting.h in CopyFiles */,
			);
			runOnlyForDeploymentPostprocessing = 0;
		};
/* End PBXCopyFilesBuildPhase section */

/* Begin PBXFileReference section */
		DE85BA161ED2924C002D59A0 /* libJumpSetting.a */ = {isa = PBXFileReference; explicitFileType = archive.ar; includeInIndex = 0; path = libJumpSetting.a; sourceTree = BUILT_PRODUCTS_DIR; };
		DE85BA191ED2924C002D59A0 /* JumpSetting.h */ = {isa = PBXFileReference; lastKnownFileType = sourcecode.c.h; path = JumpSetting.h; sourceTree = "<group>"; };
		DE85BA1A1ED2924C002D59A0 /* JumpSetting.m */ = {isa = PBXFileReference; lastKnownFileType = sourcecode.c.objc; path = JumpSetting.m; sourceTree = "<group>"; };
/* End PBXFileReference section */

/* Begin PBXFrameworksBuildPhase section */
		DE85BA131ED2924C002D59A0 /* Frameworks */ = {
			isa = PBXFrameworksBuildPhase;
			buildActionMask = 2147483647;
			files = (
			);
			runOnlyForDeploymentPostprocessing = 0;
		};
/* End PBXFrameworksBuildPhase section */

/* Begin PBXGroup section */
		DE85BA0D1ED2924C002D59A0 = {
			isa = PBXGroup;
			children = (
				DE85BA181ED2924C002D59A0 /* JumpSetting */,
				DE85BA171ED2924C002D59A0 /* Products */,
			);
			sourceTree = "<group>";
		};
		DE85BA171ED2924C002D59A0 /* Products */ = {
			isa = PBXGroup;
			children = (
				DE85BA161ED2924C002D59A0 /* libJumpSetting.a */,
			);
			name = Products;
			sourceTree = "<group>";
		};
		DE85BA181ED2924C002D59A0 /* JumpSetting */ = {
			isa = PBXGroup;
			children = (
				DE85BA191ED2924C002D59A0 /* JumpSetting.h */,
				DE85BA1A1ED2924C002D59A0 /* JumpSetting.m */,
			);
			path = JumpSetting;
			sourceTree = "<group>";
		};
/* End PBXGroup section */

/* Begin PBXNativeTarget section */
		DE85BA151ED2924C002D59A0 /* JumpSetting */ = {
			isa = PBXNativeTarget;
			buildConfigurationList = DE85BA1F1ED2924C002D59A0 /* Build configuration list for PBXNativeTarget "JumpSetting" */;
			buildPhases = (
				DE85BA121ED2924C002D59A0 /* Sources */,
				DE85BA131ED2924C002D59A0 /* Frameworks */,
				DE85BA141ED2924C002D59A0 /* CopyFiles */,
			);
			buildRules = (
			);
			dependencies = (
			);
			name = JumpSetting;
			productName = JumpSetting;
			productReference = DE85BA161ED2924C002D59A0 /* libJumpSetting.a */;
			productType = "com.apple.product-type.library.static";
		};
/* End PBXNativeTarget section */

/* Begin PBXProject section */
		DE85BA0E1ED2924C002D59A0 /* Project object */ = {
			isa = PBXProject;
			attributes = {
				LastUpgradeCheck = 0830;
				ORGANIZATIONNAME = "Oudmon-iOS";
				TargetAttributes = {
					DE85BA151ED2924C002D59A0 = {
						CreatedOnToolsVersion = 8.3.2;
						DevelopmentTeam = 4K4Q9JA95Y;
						ProvisioningStyle = Automatic;
					};
				};
			};
			buildConfigurationList = DE85BA111ED2924C002D59A0 /* Build configuration list for PBXProject "JumpSetting" */;
			compatibilityVersion = "Xcode 3.2";
			developmentRegion = English;
			hasScannedForEncodings = 0;
			knownRegions = (
				en,
			);
			mainGroup = DE85BA0D1ED2924C002D59A0;
			productRefGroup = DE85BA171ED2924C002D59A0 /* Products */;
			projectDirPath = "";
			projectRoot = "";
			targets = (
				DE85BA151ED2924C002D59A0 /* JumpSetting */,
			);
		};
/* End PBXProject section */

/* Begin PBXSourcesBuildPhase section */
		DE85BA121ED2924C002D59A0 /* Sources */ = {
			isa = PBXSourcesBuildPhase;
			buildActionMask = 2147483647;
			files = (
				DE85BA1B1ED2924C002D59A0 /* JumpSetting.m in Sources */,
			);
			runOnlyForDeploymentPostprocessing = 0;
		};
/* End PBXSourcesBuildPhase section */

/* Begin XCBuildConfiguration section */
		DE85BA1D1ED2924C002D59A0 /* Debug */ = {
			isa = XCBuildConfiguration;
			buildSettings = {
				ALWAYS_SEARCH_USER_PATHS = NO;
				CLANG_ANALYZER_NONNULL = YES;
				CLANG_ANALYZER_NUMBER_OBJECT_CONVERSION = YES_AGGRESSIVE;
				CLANG_CXX_LANGUAGE_STANDARD = "gnu++0x";
				CLANG_CXX_LIBRARY = "libc++";
				CLANG_ENABLE_MODULES = YES;
				CLANG_ENABLE_OBJC_ARC = YES;
				CLANG_WARN_BOOL_CONVERSION = YES;
				CLANG_WARN_CONSTANT_CONVERSION = YES;
				CLANG_WARN_DIRECT_OBJC_ISA_USAGE = YES_ERROR;
				CLANG_WARN_DOCUMENTATION_COMMENTS = YES;
				CLANG_WARN_EMPTY_BODY = YES;
				CLANG_WARN_ENUM_CONVERSION = YES;
				CLANG_WARN_INFINITE_RECURSION = YES;
				CLANG_WARN_INT_CONVERSION = YES;
				CLANG_WARN_OBJC_ROOT_CLASS = YES_ERROR;
				CLANG_WARN_SUSPICIOUS_MOVE = YES;
				CLANG_WARN_UNREACHABLE_CODE = YES;
				CLANG_WARN__DUPLICATE_METHOD_MATCH = YES;
				"CODE_SIGN_IDENTITY[sdk=iphoneos*]" = "iPhone Developer";
				COPY_PHASE_STRIP = NO;
				DEBUG_INFORMATION_FORMAT = dwarf;
				ENABLE_STRICT_OBJC_MSGSEND = YES;
				ENABLE_TESTABILITY = YES;
				GCC_C_LANGUAGE_STANDARD = gnu99;
				GCC_DYNAMIC_NO_PIC = NO;
				GCC_NO_COMMON_BLOCKS = YES;
				GCC_OPTIMIZATION_LEVEL = 0;
				GCC_PREPROCESSOR_DEFINITIONS = (
					"DEBUG=1",
					"$(inherited)",
				);
				GCC_WARN_64_TO_32_BIT_CONVERSION = YES;
				GCC_WARN_ABOUT_RETURN_TYPE = YES_ERROR;
				GCC_WARN_UNDECLARED_SELECTOR = YES;
				GCC_WARN_UNINITIALIZED_AUTOS = YES_AGGRESSIVE;
				GCC_WARN_UNUSED_FUNCTION = YES;
				GCC_WARN_UNUSED_VARIABLE = YES;
				HEADER_SEARCH_PATHS = "$(SRCROOT)/../../react-native/React/**";
				IPHONEOS_DEPLOYMENT_TARGET = 10.3;
				MTL_ENABLE_DEBUG_INFO = YES;
				ONLY_ACTIVE_ARCH = YES;
				SDKROOT = iphoneos;
			};
			name = Debug;
		};
		DE85BA1E1ED2924C002D59A0 /* Release */ = {
			isa = XCBuildConfiguration;
			buildSettings = {
				ALWAYS_SEARCH_USER_PATHS = NO;
				CLANG_ANALYZER_NONNULL = YES;
				CLANG_ANALYZER_NUMBER_OBJECT_CONVERSION = YES_AGGRESSIVE;
				CLANG_CXX_LANGUAGE_STANDARD = "gnu++0x";
				CLANG_CXX_LIBRARY = "libc++";
				CLANG_ENABLE_MODULES = YES;
				CLANG_ENABLE_OBJC_ARC = YES;
				CLANG_WARN_BOOL_CONVERSION = YES;
				CLANG_WARN_CONSTANT_CONVERSION = YES;
				CLANG_WARN_DIRECT_OBJC_ISA_USAGE = YES_ERROR;
				CLANG_WARN_DOCUMENTATION_COMMENTS = YES;
				CLANG_WARN_EMPTY_BODY = YES;
				CLANG_WARN_ENUM_CONVERSION = YES;
				CLANG_WARN_INFINITE_RECURSION = YES;
				CLANG_WARN_INT_CONVERSION = YES;
				CLANG_WARN_OBJC_ROOT_CLASS = YES_ERROR;
				CLANG_WARN_SUSPICIOUS_MOVE = YES;
				CLANG_WARN_UNREACHABLE_CODE = YES;
				CLANG_WARN__DUPLICATE_METHOD_MATCH = YES;
				"CODE_SIGN_IDENTITY[sdk=iphoneos*]" = "iPhone Developer";
				COPY_PHASE_STRIP = NO;
				DEBUG_INFORMATION_FORMAT = "dwarf-with-dsym";
				ENABLE_NS_ASSERTIONS = NO;
				ENABLE_STRICT_OBJC_MSGSEND = YES;
				GCC_C_LANGUAGE_STANDARD = gnu99;
				GCC_NO_COMMON_BLOCKS = YES;
				GCC_WARN_64_TO_32_BIT_CONVERSION = YES;
				GCC_WARN_ABOUT_RETURN_TYPE = YES_ERROR;
				GCC_WARN_UNDECLARED_SELECTOR = YES;
				GCC_WARN_UNINITIALIZED_AUTOS = YES_AGGRESSIVE;
				GCC_WARN_UNUSED_FUNCTION = YES;
				GCC_WARN_UNUSED_VARIABLE = YES;
				HEADER_SEARCH_PATHS = "$(SRCROOT)/../../react-native/React/**";
				IPHONEOS_DEPLOYMENT_TARGET = 10.3;
				MTL_ENABLE_DEBUG_INFO = NO;
				SDKROOT = iphoneos;
				VALIDATE_PRODUCT = YES;
			};
			name = Release;
		};
		DE85BA201ED2924C002D59A0 /* Debug */ = {
			isa = XCBuildConfiguration;
			buildSettings = {
				DEVELOPMENT_TEAM = 4K4Q9JA95Y;
				OTHER_LDFLAGS = "-ObjC";
				PRODUCT_NAME = "$(TARGET_NAME)";
				SKIP_INSTALL = YES;
			};
			name = Debug;
		};
		DE85BA211ED2924C002D59A0 /* Release */ = {
			isa = XCBuildConfiguration;
			buildSettings = {
				DEVELOPMENT_TEAM = 4K4Q9JA95Y;
				OTHER_LDFLAGS = "-ObjC";
				PRODUCT_NAME = "$(TARGET_NAME)";
				SKIP_INSTALL = YES;
			};
			name = Release;
		};
/* End XCBuildConfiguration section */

/* Begin XCConfigurationList section */
		DE85BA111ED2924C002D59A0 /* Build configuration list for PBXProject "JumpSetting" */ = {
			isa = XCConfigurationList;
			buildConfigurations = (
				DE85BA1D1ED2924C002D59A0 /* Debug */,
				DE85BA1E1ED2924C002D59A0 /* Release */,
			);
			defaultConfigurationIsVisible = 0;
			defaultConfigurationName = Release;
		};
		DE85BA1F1ED2924C002D59A0 /* Build configuration list for PBXNativeTarget "JumpSetting" */ = {
			isa = XCConfigurationList;
			buildConfigurations = (
				DE85BA201ED2924C002D59A0 /* Debug */,
				DE85BA211ED2924C002D59A0 /* Release */,
			);
			defaultConfigurationIsVisible = 0;
			defaultConfigurationName = Release;
		};
/* End XCConfigurationList section */
	};
	rootObject = DE85BA0E1ED2924C002D59A0 /* Project object */;
}
